
Microsoft Visual Studio Solution File, Format Version 12.00
# Visual Studio Version 17
VisualStudioVersion = 17.0.31903.59
MinimumVisualStudioVersion = 10.0.40219.1
Project("{2150E333-8FDC-42A3-9474-1A3956D46DE8}") = "src", "src", "{827E0CD3-B72D-47B6-A68D-7590B98EB39B}"
EndProject
Project("{FAE04EC0-301F-11D3-BF4B-00C04F79EFBC}") = "InstantBot.Domain", "src\InstantBot.Domain\InstantBot.Domain.csproj", "{08071B31-72BF-471D-B102-D920688B639C}"
EndProject
Project("{FAE04EC0-301F-11D3-BF4B-00C04F79EFBC}") = "InstantBot.Application", "src\InstantBot.Application\InstantBot.Application.csproj", "{331EC283-1A86-4006-A417-D3E666608960}"
EndProject
Project("{FAE04EC0-301F-11D3-BF4B-00C04F79EFBC}") = "InstantBot.Infrastructure", "src\InstantBot.Infrastructure\InstantBot.Infrastructure.csproj", "{8C48B4C3-C9B4-46CB-827F-319FBB5D68AF}"
EndProject
Project("{FAE04EC0-301F-11D3-BF4B-00C04F79EFBC}") = "InstantBot.TelegramBot", "src\InstantBot.TelegramBot\InstantBot.TelegramBot.csproj", "{A6A6618D-8C77-4E9D-825A-6947CA911CCF}"
EndProject
Project("{FAE04EC0-301F-11D3-BF4B-00C04F79EFBC}") = "InstantBot.AdminPanel", "src\InstantBot.AdminPanel\InstantBot.AdminPanel.csproj", "{505D5FFD-39FC-470A-9B90-22EE94CEF191}"
EndProject
Project("{2150E333-8FDC-42A3-9474-1A3956D46DE8}") = "tests", "tests", "{0AB3BF05-4346-4AA6-1389-037BE0695223}"
EndProject
Project("{FAE04EC0-301F-11D3-BF4B-00C04F79EFBC}") = "InstantBot.Domain.Tests", "tests\InstantBot.Domain.Tests\InstantBot.Domain.Tests.csproj", "{479EE9FB-6A99-45A7-8D73-5185D760B7A4}"
EndProject
Project("{FAE04EC0-301F-11D3-BF4B-00C04F79EFBC}") = "InstantBot.Application.Tests", "tests\InstantBot.Application.Tests\InstantBot.Application.Tests.csproj", "{ED1ECDF9-9B4D-4266-B4B9-81BA9744A3BE}"
EndProject
Global
	GlobalSection(SolutionConfigurationPlatforms) = preSolution
		Debug|Any CPU = Debug|Any CPU
		Debug|x64 = Debug|x64
		Debug|x86 = Debug|x86
		Release|Any CPU = Release|Any CPU
		Release|x64 = Release|x64
		Release|x86 = Release|x86
	EndGlobalSection
	GlobalSection(ProjectConfigurationPlatforms) = postSolution
		{08071B31-72BF-471D-B102-D920688B639C}.Debug|Any CPU.ActiveCfg = Debug|Any CPU
		{08071B31-72BF-471D-B102-D920688B639C}.Debug|Any CPU.Build.0 = Debug|Any CPU
		{08071B31-72BF-471D-B102-D920688B639C}.Debug|x64.ActiveCfg = Debug|Any CPU
		{08071B31-72BF-471D-B102-D920688B639C}.Debug|x64.Build.0 = Debug|Any CPU
		{08071B31-72BF-471D-B102-D920688B639C}.Debug|x86.ActiveCfg = Debug|Any CPU
		{08071B31-72BF-471D-B102-D920688B639C}.Debug|x86.Build.0 = Debug|Any CPU
		{08071B31-72BF-471D-B102-D920688B639C}.Release|Any CPU.ActiveCfg = Release|Any CPU
		{08071B31-72BF-471D-B102-D920688B639C}.Release|Any CPU.Build.0 = Release|Any CPU
		{08071B31-72BF-471D-B102-D920688B639C}.Release|x64.ActiveCfg = Release|Any CPU
		{08071B31-72BF-471D-B102-D920688B639C}.Release|x64.Build.0 = Release|Any CPU
		{08071B31-72BF-471D-B102-D920688B639C}.Release|x86.ActiveCfg = Release|Any CPU
		{08071B31-72BF-471D-B102-D920688B639C}.Release|x86.Build.0 = Release|Any CPU
		{331EC283-1A86-4006-A417-D3E666608960}.Debug|Any CPU.ActiveCfg = Debug|Any CPU
		{331EC283-1A86-4006-A417-D3E666608960}.Debug|Any CPU.Build.0 = Debug|Any CPU
		{331EC283-1A86-4006-A417-D3E666608960}.Debug|x64.ActiveCfg = Debug|Any CPU
		{331EC283-1A86-4006-A417-D3E666608960}.Debug|x64.Build.0 = Debug|Any CPU
		{331EC283-1A86-4006-A417-D3E666608960}.Debug|x86.ActiveCfg = Debug|Any CPU
		{331EC283-1A86-4006-A417-D3E666608960}.Debug|x86.Build.0 = Debug|Any CPU
		{331EC283-1A86-4006-A417-D3E666608960}.Release|Any CPU.ActiveCfg = Release|Any CPU
		{331EC283-1A86-4006-A417-D3E666608960}.Release|Any CPU.Build.0 = Release|Any CPU
		{331EC283-1A86-4006-A417-D3E666608960}.Release|x64.ActiveCfg = Release|Any CPU
		{331EC283-1A86-4006-A417-D3E666608960}.Release|x64.Build.0 = Release|Any CPU
		{331EC283-1A86-4006-A417-D3E666608960}.Release|x86.ActiveCfg = Release|Any CPU
		{331EC283-1A86-4006-A417-D3E666608960}.Release|x86.Build.0 = Release|Any CPU
		{8C48B4C3-C9B4-46CB-827F-319FBB5D68AF}.Debug|Any CPU.ActiveCfg = Debug|Any CPU
		{8C48B4C3-C9B4-46CB-827F-319FBB5D68AF}.Debug|Any CPU.Build.0 = Debug|Any CPU
		{8C48B4C3-C9B4-46CB-827F-319FBB5D68AF}.Debug|x64.ActiveCfg = Debug|Any CPU
		{8C48B4C3-C9B4-46CB-827F-319FBB5D68AF}.Debug|x64.Build.0 = Debug|Any CPU
		{8C48B4C3-C9B4-46CB-827F-319FBB5D68AF}.Debug|x86.ActiveCfg = Debug|Any CPU
		{8C48B4C3-C9B4-46CB-827F-319FBB5D68AF}.Debug|x86.Build.0 = Debug|Any CPU
		{8C48B4C3-C9B4-46CB-827F-319FBB5D68AF}.Release|Any CPU.ActiveCfg = Release|Any CPU
		{8C48B4C3-C9B4-46CB-827F-319FBB5D68AF}.Release|Any CPU.Build.0 = Release|Any CPU
		{8C48B4C3-C9B4-46CB-827F-319FBB5D68AF}.Release|x64.ActiveCfg = Release|Any CPU
		{8C48B4C3-C9B4-46CB-827F-319FBB5D68AF}.Release|x64.Build.0 = Release|Any CPU
		{8C48B4C3-C9B4-46CB-827F-319FBB5D68AF}.Release|x86.ActiveCfg = Release|Any CPU
		{8C48B4C3-C9B4-46CB-827F-319FBB5D68AF}.Release|x86.Build.0 = Release|Any CPU
		{A6A6618D-8C77-4E9D-825A-6947CA911CCF}.Debug|Any CPU.ActiveCfg = Debug|Any CPU
		{A6A6618D-8C77-4E9D-825A-6947CA911CCF}.Debug|Any CPU.Build.0 = Debug|Any CPU
		{A6A6618D-8C77-4E9D-825A-6947CA911CCF}.Debug|x64.ActiveCfg = Debug|Any CPU
		{A6A6618D-8C77-4E9D-825A-6947CA911CCF}.Debug|x64.Build.0 = Debug|Any CPU
		{A6A6618D-8C77-4E9D-825A-6947CA911CCF}.Debug|x86.ActiveCfg = Debug|Any CPU
		{A6A6618D-8C77-4E9D-825A-6947CA911CCF}.Debug|x86.Build.0 = Debug|Any CPU
		{A6A6618D-8C77-4E9D-825A-6947CA911CCF}.Release|Any CPU.ActiveCfg = Release|Any CPU
		{A6A6618D-8C77-4E9D-825A-6947CA911CCF}.Release|Any CPU.Build.0 = Release|Any CPU
		{A6A6618D-8C77-4E9D-825A-6947CA911CCF}.Release|x64.ActiveCfg = Release|Any CPU
		{A6A6618D-8C77-4E9D-825A-6947CA911CCF}.Release|x64.Build.0 = Release|Any CPU
		{A6A6618D-8C77-4E9D-825A-6947CA911CCF}.Release|x86.ActiveCfg = Release|Any CPU
		{A6A6618D-8C77-4E9D-825A-6947CA911CCF}.Release|x86.Build.0 = Release|Any CPU
		{505D5FFD-39FC-470A-9B90-22EE94CEF191}.Debug|Any CPU.ActiveCfg = Debug|Any CPU
		{505D5FFD-39FC-470A-9B90-22EE94CEF191}.Debug|Any CPU.Build.0 = Debug|Any CPU
		{505D5FFD-39FC-470A-9B90-22EE94CEF191}.Debug|x64.ActiveCfg = Debug|Any CPU
		{505D5FFD-39FC-470A-9B90-22EE94CEF191}.Debug|x64.Build.0 = Debug|Any CPU
		{505D5FFD-39FC-470A-9B90-22EE94CEF191}.Debug|x86.ActiveCfg = Debug|Any CPU
		{505D5FFD-39FC-470A-9B90-22EE94CEF191}.Debug|x86.Build.0 = Debug|Any CPU
		{505D5FFD-39FC-470A-9B90-22EE94CEF191}.Release|Any CPU.ActiveCfg = Release|Any CPU
		{505D5FFD-39FC-470A-9B90-22EE94CEF191}.Release|Any CPU.Build.0 = Release|Any CPU
		{505D5FFD-39FC-470A-9B90-22EE94CEF191}.Release|x64.ActiveCfg = Release|Any CPU
		{505D5FFD-39FC-470A-9B90-22EE94CEF191}.Release|x64.Build.0 = Release|Any CPU
		{505D5FFD-39FC-470A-9B90-22EE94CEF191}.Release|x86.ActiveCfg = Release|Any CPU
		{505D5FFD-39FC-470A-9B90-22EE94CEF191}.Release|x86.Build.0 = Release|Any CPU
		{479EE9FB-6A99-45A7-8D73-5185D760B7A4}.Debug|Any CPU.ActiveCfg = Debug|Any CPU
		{479EE9FB-6A99-45A7-8D73-5185D760B7A4}.Debug|Any CPU.Build.0 = Debug|Any CPU
		{479EE9FB-6A99-45A7-8D73-5185D760B7A4}.Debug|x64.ActiveCfg = Debug|Any CPU
		{479EE9FB-6A99-45A7-8D73-5185D760B7A4}.Debug|x64.Build.0 = Debug|Any CPU
		{479EE9FB-6A99-45A7-8D73-5185D760B7A4}.Debug|x86.ActiveCfg = Debug|Any CPU
		{479EE9FB-6A99-45A7-8D73-5185D760B7A4}.Debug|x86.Build.0 = Debug|Any CPU
		{479EE9FB-6A99-45A7-8D73-5185D760B7A4}.Release|Any CPU.ActiveCfg = Release|Any CPU
		{479EE9FB-6A99-45A7-8D73-5185D760B7A4}.Release|Any CPU.Build.0 = Release|Any CPU
		{479EE9FB-6A99-45A7-8D73-5185D760B7A4}.Release|x64.ActiveCfg = Release|Any CPU
		{479EE9FB-6A99-45A7-8D73-5185D760B7A4}.Release|x64.Build.0 = Release|Any CPU
		{479EE9FB-6A99-45A7-8D73-5185D760B7A4}.Release|x86.ActiveCfg = Release|Any CPU
		{479EE9FB-6A99-45A7-8D73-5185D760B7A4}.Release|x86.Build.0 = Release|Any CPU
		{ED1ECDF9-9B4D-4266-B4B9-81BA9744A3BE}.Debug|Any CPU.ActiveCfg = Debug|Any CPU
		{ED1ECDF9-9B4D-4266-B4B9-81BA9744A3BE}.Debug|Any CPU.Build.0 = Debug|Any CPU
		{ED1ECDF9-9B4D-4266-B4B9-81BA9744A3BE}.Debug|x64.ActiveCfg = Debug|Any CPU
		{ED1ECDF9-9B4D-4266-B4B9-81BA9744A3BE}.Debug|x64.Build.0 = Debug|Any CPU
		{ED1ECDF9-9B4D-4266-B4B9-81BA9744A3BE}.Debug|x86.ActiveCfg = Debug|Any CPU
		{ED1ECDF9-9B4D-4266-B4B9-81BA9744A3BE}.Debug|x86.Build.0 = Debug|Any CPU
		{ED1ECDF9-9B4D-4266-B4B9-81BA9744A3BE}.Release|Any CPU.ActiveCfg = Release|Any CPU
		{ED1ECDF9-9B4D-4266-B4B9-81BA9744A3BE}.Release|Any CPU.Build.0 = Release|Any CPU
		{ED1ECDF9-9B4D-4266-B4B9-81BA9744A3BE}.Release|x64.ActiveCfg = Release|Any CPU
		{ED1ECDF9-9B4D-4266-B4B9-81BA9744A3BE}.Release|x64.Build.0 = Release|Any CPU
		{ED1ECDF9-9B4D-4266-B4B9-81BA9744A3BE}.Release|x86.ActiveCfg = Release|Any CPU
		{ED1ECDF9-9B4D-4266-B4B9-81BA9744A3BE}.Release|x86.Build.0 = Release|Any CPU
	EndGlobalSection
	GlobalSection(SolutionProperties) = preSolution
		HideSolutionNode = FALSE
	EndGlobalSection
	GlobalSection(NestedProjects) = preSolution
		{08071B31-72BF-471D-B102-D920688B639C} = {827E0CD3-B72D-47B6-A68D-7590B98EB39B}
		{331EC283-1A86-4006-A417-D3E666608960} = {827E0CD3-B72D-47B6-A68D-7590B98EB39B}
		{8C48B4C3-C9B4-46CB-827F-319FBB5D68AF} = {827E0CD3-B72D-47B6-A68D-7590B98EB39B}
		{A6A6618D-8C77-4E9D-825A-6947CA911CCF} = {827E0CD3-B72D-47B6-A68D-7590B98EB39B}
		{505D5FFD-39FC-470A-9B90-22EE94CEF191} = {827E0CD3-B72D-47B6-A68D-7590B98EB39B}
		{479EE9FB-6A99-45A7-8D73-5185D760B7A4} = {0AB3BF05-4346-4AA6-1389-037BE0695223}
		{ED1ECDF9-9B4D-4266-B4B9-81BA9744A3BE} = {0AB3BF05-4346-4AA6-1389-037BE0695223}
	EndGlobalSection
EndGlobal
